// !$*UTF8*$!
{
	archiveVersion = 1;
	classes = {
	};
	objectVersion = 52;
	objects = {

/* Begin PBXBuildFile section */
		FE4734E52627ABC200576217 /* NetworkConfig.swift in Sources */ = {isa = PBXBuildFile; fileRef = FE4734E42627ABC200576217 /* NetworkConfig.swift */; };
		FE4734EC2627B1C400576217 /* MovieResponse.swift in Sources */ = {isa = PBXBuildFile; fileRef = FE4734EB2627B1C400576217 /* MovieResponse.swift */; };
		FE4734F12627B6FA00576217 /* MovieTarget.swift in Sources */ = {isa = PBXBuildFile; fileRef = FE4734F02627B6FA00576217 /* MovieTarget.swift */; };
		FE4734F52627BB5300576217 /* MovieApi.swift in Sources */ = {isa = PBXBuildFile; fileRef = FE4734F42627BB5300576217 /* MovieApi.swift */; };
		FE4734F82627BE5900576217 /* MovieDetailsViewModel.swift in Sources */ = {isa = PBXBuildFile; fileRef = FE4734F72627BE5900576217 /* MovieDetailsViewModel.swift */; };
		FE61EB6A2623691C00B05135 /* MovieDetailTableViewCell.swift in Sources */ = {isa = PBXBuildFile; fileRef = FE61EB682623691C00B05135 /* MovieDetailTableViewCell.swift */; };
		FE61EB6B2623691D00B05135 /* MovieDetailTableViewCell.xib in Resources */ = {isa = PBXBuildFile; fileRef = FE61EB692623691C00B05135 /* MovieDetailTableViewCell.xib */; };
		FE773F71262664AB008B26B7 /* Nuke in Frameworks */ = {isa = PBXBuildFile; productRef = FE773F70262664AB008B26B7 /* Nuke */; };
		FE84EA8D262133F800D455DE /* AppDelegate.swift in Sources */ = {isa = PBXBuildFile; fileRef = FE84EA8C262133F800D455DE /* AppDelegate.swift */; };
		FE84EA8F262133F800D455DE /* SceneDelegate.swift in Sources */ = {isa = PBXBuildFile; fileRef = FE84EA8E262133F800D455DE /* SceneDelegate.swift */; };
		FE84EA91262133F800D455DE /* DetailsViewController.swift in Sources */ = {isa = PBXBuildFile; fileRef = FE84EA90262133F800D455DE /* DetailsViewController.swift */; };
		FE84EA94262133F800D455DE /* Details.storyboard in Resources */ = {isa = PBXBuildFile; fileRef = FE84EA92262133F800D455DE /* Details.storyboard */; };
		FE84EA962621340400D455DE /* Assets.xcassets in Resources */ = {isa = PBXBuildFile; fileRef = FE84EA952621340400D455DE /* Assets.xcassets */; };
		FE84EA992621340400D455DE /* LaunchScreen.storyboard in Resources */ = {isa = PBXBuildFile; fileRef = FE84EA972621340400D455DE /* LaunchScreen.storyboard */; };
		FE900063262350EA00C4A1C9 /* Moya in Frameworks */ = {isa = PBXBuildFile; productRef = FE900062262350EA00C4A1C9 /* Moya */; };
		FEA7F7502627C670008D8554 /* UIViewController_Extension.swift in Sources */ = {isa = PBXBuildFile; fileRef = FEA7F74F2627C670008D8554 /* UIViewController_Extension.swift */; };
		FEA7F7542627C7B8008D8554 /* DataLoad.swift in Sources */ = {isa = PBXBuildFile; fileRef = FEA7F7532627C7B8008D8554 /* DataLoad.swift */; };
/* End PBXBuildFile section */

/* Begin PBXFileReference section */
		FE4734E42627ABC200576217 /* NetworkConfig.swift */ = {isa = PBXFileReference; lastKnownFileType = sourcecode.swift; path = NetworkConfig.swift; sourceTree = "<group>"; };
		FE4734EB2627B1C400576217 /* MovieResponse.swift */ = {isa = PBXFileReference; lastKnownFileType = sourcecode.swift; path = MovieResponse.swift; sourceTree = "<group>"; };
		FE4734F02627B6FA00576217 /* MovieTarget.swift */ = {isa = PBXFileReference; lastKnownFileType = sourcecode.swift; path = MovieTarget.swift; sourceTree = "<group>"; };
		FE4734F42627BB5300576217 /* MovieApi.swift */ = {isa = PBXFileReference; lastKnownFileType = sourcecode.swift; path = MovieApi.swift; sourceTree = "<group>"; };
		FE4734F72627BE5900576217 /* MovieDetailsViewModel.swift */ = {isa = PBXFileReference; lastKnownFileType = sourcecode.swift; path = MovieDetailsViewModel.swift; sourceTree = "<group>"; };
		FE61EB682623691C00B05135 /* MovieDetailTableViewCell.swift */ = {isa = PBXFileReference; lastKnownFileType = sourcecode.swift; path = MovieDetailTableViewCell.swift; sourceTree = "<group>"; };
		FE61EB692623691C00B05135 /* MovieDetailTableViewCell.xib */ = {isa = PBXFileReference; lastKnownFileType = file.xib; path = MovieDetailTableViewCell.xib; sourceTree = "<group>"; };
		FE84EA89262133F800D455DE /* todomovies-details.app */ = {isa = PBXFileReference; explicitFileType = wrapper.application; includeInIndex = 0; path = "todomovies-details.app"; sourceTree = BUILT_PRODUCTS_DIR; };
		FE84EA8C262133F800D455DE /* AppDelegate.swift */ = {isa = PBXFileReference; lastKnownFileType = sourcecode.swift; path = AppDelegate.swift; sourceTree = "<group>"; };
		FE84EA8E262133F800D455DE /* SceneDelegate.swift */ = {isa = PBXFileReference; lastKnownFileType = sourcecode.swift; path = SceneDelegate.swift; sourceTree = "<group>"; };
		FE84EA90262133F800D455DE /* DetailsViewController.swift */ = {isa = PBXFileReference; lastKnownFileType = sourcecode.swift; path = DetailsViewController.swift; sourceTree = "<group>"; };
		FE84EA93262133F800D455DE /* Base */ = {isa = PBXFileReference; lastKnownFileType = file.storyboard; name = Base; path = Base.lproj/Details.storyboard; sourceTree = "<group>"; };
		FE84EA952621340400D455DE /* Assets.xcassets */ = {isa = PBXFileReference; lastKnownFileType = folder.assetcatalog; path = Assets.xcassets; sourceTree = "<group>"; };
		FE84EA982621340400D455DE /* Base */ = {isa = PBXFileReference; lastKnownFileType = file.storyboard; name = Base; path = Base.lproj/LaunchScreen.storyboard; sourceTree = "<group>"; };
		FE84EA9A2621340400D455DE /* Info.plist */ = {isa = PBXFileReference; lastKnownFileType = text.plist.xml; path = Info.plist; sourceTree = "<group>"; };
		FEA7F74F2627C670008D8554 /* UIViewController_Extension.swift */ = {isa = PBXFileReference; lastKnownFileType = sourcecode.swift; path = UIViewController_Extension.swift; sourceTree = "<group>"; };
		FEA7F7532627C7B8008D8554 /* DataLoad.swift */ = {isa = PBXFileReference; lastKnownFileType = sourcecode.swift; path = DataLoad.swift; sourceTree = "<group>"; };
/* End PBXFileReference section */

/* Begin PBXFrameworksBuildPhase section */
		FE84EA86262133F700D455DE /* Frameworks */ = {
			isa = PBXFrameworksBuildPhase;
			buildActionMask = 2147483647;
			files = (
				FE900063262350EA00C4A1C9 /* Moya in Frameworks */,
				FE773F71262664AB008B26B7 /* Nuke in Frameworks */,
			);
			runOnlyForDeploymentPostprocessing = 0;
		};
/* End PBXFrameworksBuildPhase section */

/* Begin PBXGroup section */
		FE4734E22627AB7000576217 /* Network */ = {
			isa = PBXGroup;
			children = (
				FE4734E32627AB7800576217 /* Config */,
				FE4734E82627B17400576217 /* Model */,
				FE4734E92627B18200576217 /* Target */,
			);
			path = Network;
			sourceTree = "<group>";
		};
		FE4734E32627AB7800576217 /* Config */ = {
			isa = PBXGroup;
			children = (
				FE4734E42627ABC200576217 /* NetworkConfig.swift */,
			);
			path = Config;
			sourceTree = "<group>";
		};
		FE4734E82627B17400576217 /* Model */ = {
			isa = PBXGroup;
			children = (
				FE4734EB2627B1C400576217 /* MovieResponse.swift */,
			);
			path = Model;
			sourceTree = "<group>";
		};
		FE4734E92627B18200576217 /* Target */ = {
			isa = PBXGroup;
			children = (
				FE4734EF2627B6DF00576217 /* MovieTarget */,
			);
			path = Target;
			sourceTree = "<group>";
		};
		FE4734EF2627B6DF00576217 /* MovieTarget */ = {
			isa = PBXGroup;
			children = (
				FE4734F02627B6FA00576217 /* MovieTarget.swift */,
				FE4734F42627BB5300576217 /* MovieApi.swift */,
			);
			path = MovieTarget;
			sourceTree = "<group>";
		};
		FE84EA80262133F600D455DE = {
			isa = PBXGroup;
			children = (
				FE84EA8B262133F800D455DE /* todomovies-details */,
				FE84EA8A262133F800D455DE /* Products */,
			);
			sourceTree = "<group>";
		};
		FE84EA8A262133F800D455DE /* Products */ = {
			isa = PBXGroup;
			children = (
				FE84EA89262133F800D455DE /* todomovies-details.app */,
			);
			name = Products;
			sourceTree = "<group>";
		};
		FE84EA8B262133F800D455DE /* todomovies-details */ = {
			isa = PBXGroup;
			children = (
				FE84EA8C262133F800D455DE /* AppDelegate.swift */,
				FE84EA952621340400D455DE /* Assets.xcassets */,
				FE84EA9A2621340400D455DE /* Info.plist */,
				FE84EA972621340400D455DE /* LaunchScreen.storyboard */,
				FE84EA8E262133F800D455DE /* SceneDelegate.swift */,
				FE4734E22627AB7000576217 /* Network */,
				FE9000672623516A00C4A1C9 /* Utils */,
				FE9000662623514E00C4A1C9 /* View */,
				FE9000652623513E00C4A1C9 /* ViewModel */,
			);
			path = "todomovies-details";
			sourceTree = "<group>";
		};
		FE9000652623513E00C4A1C9 /* ViewModel */ = {
			isa = PBXGroup;
			children = (
				FE4734F72627BE5900576217 /* MovieDetailsViewModel.swift */,
			);
			path = ViewModel;
			sourceTree = "<group>";
		};
		FE9000662623514E00C4A1C9 /* View */ = {
			isa = PBXGroup;
			children = (
				FE90006A2623591B00C4A1C9 /* Details */,
			);
			path = View;
			sourceTree = "<group>";
		};
		FE9000672623516A00C4A1C9 /* Utils */ = {
			isa = PBXGroup;
			children = (
				FEA7F7522627C7A4008D8554 /* Protocols */,
				FEA7F74F2627C670008D8554 /* UIViewController_Extension.swift */,
			);
			path = Utils;
			sourceTree = "<group>";
		};
		FE90006A2623591B00C4A1C9 /* Details */ = {
			isa = PBXGroup;
			children = (
				FE90006B2623592C00C4A1C9 /* Cell */,
				FE84EA90262133F800D455DE /* DetailsViewController.swift */,
				FE84EA92262133F800D455DE /* Details.storyboard */,
			);
			path = Details;
			sourceTree = "<group>";
		};
		FE90006B2623592C00C4A1C9 /* Cell */ = {
			isa = PBXGroup;
			children = (
				FE61EB682623691C00B05135 /* MovieDetailTableViewCell.swift */,
				FE61EB692623691C00B05135 /* MovieDetailTableViewCell.xib */,
			);
			path = Cell;
			sourceTree = "<group>";
		};
		FEA7F7522627C7A4008D8554 /* Protocols */ = {
			isa = PBXGroup;
			children = (
				FEA7F7532627C7B8008D8554 /* DataLoad.swift */,
			);
			path = Protocols;
			sourceTree = "<group>";
		};
/* End PBXGroup section */

/* Begin PBXNativeTarget section */
		FE84EA88262133F700D455DE /* todomovies-details */ = {
			isa = PBXNativeTarget;
			buildConfigurationList = FE84EA9D2621340400D455DE /* Build configuration list for PBXNativeTarget "todomovies-details" */;
			buildPhases = (
				FE84EA85262133F700D455DE /* Sources */,
				FE84EA86262133F700D455DE /* Frameworks */,
				FE84EA87262133F700D455DE /* Resources */,
			);
			buildRules = (
			);
			dependencies = (
			);
			name = "todomovies-details";
			packageProductDependencies = (
				FE900062262350EA00C4A1C9 /* Moya */,
				FE773F70262664AB008B26B7 /* Nuke */,
			);
			productName = "todomovies-details";
			productReference = FE84EA89262133F800D455DE /* todomovies-details.app */;
			productType = "com.apple.product-type.application";
		};
/* End PBXNativeTarget section */

/* Begin PBXProject section */
		FE84EA81262133F600D455DE /* Project object */ = {
			isa = PBXProject;
			attributes = {
				LastSwiftUpdateCheck = 1240;
				LastUpgradeCheck = 1240;
				TargetAttributes = {
					FE84EA88262133F700D455DE = {
						CreatedOnToolsVersion = 12.4;
					};
				};
			};
			buildConfigurationList = FE84EA84262133F600D455DE /* Build configuration list for PBXProject "todomovies-details" */;
			compatibilityVersion = "Xcode 9.3";
			developmentRegion = en;
			hasScannedForEncodings = 0;
			knownRegions = (
				en,
				Base,
			);
			mainGroup = FE84EA80262133F600D455DE;
			packageReferences = (
				FE900061262350EA00C4A1C9 /* XCRemoteSwiftPackageReference "Moya" */,
				FE773F6F262664AB008B26B7 /* XCRemoteSwiftPackageReference "Nuke" */,
			);
			productRefGroup = FE84EA8A262133F800D455DE /* Products */;
			projectDirPath = "";
			projectRoot = "";
			targets = (
				FE84EA88262133F700D455DE /* todomovies-details */,
			);
		};
/* End PBXProject section */

/* Begin PBXResourcesBuildPhase section */
		FE84EA87262133F700D455DE /* Resources */ = {
			isa = PBXResourcesBuildPhase;
			buildActionMask = 2147483647;
			files = (
				FE84EA992621340400D455DE /* LaunchScreen.storyboard in Resources */,
				FE84EA962621340400D455DE /* Assets.xcassets in Resources */,
				FE84EA94262133F800D455DE /* Details.storyboard in Resources */,
				FE61EB6B2623691D00B05135 /* MovieDetailTableViewCell.xib in Resources */,
			);
			runOnlyForDeploymentPostprocessing = 0;
		};
/* End PBXResourcesBuildPhase section */

/* Begin PBXSourcesBuildPhase section */
		FE84EA85262133F700D455DE /* Sources */ = {
			isa = PBXSourcesBuildPhase;
			buildActionMask = 2147483647;
			files = (
				FE4734F12627B6FA00576217 /* MovieTarget.swift in Sources */,
				FE84EA91262133F800D455DE /* DetailsViewController.swift in Sources */,
				FEA7F7542627C7B8008D8554 /* DataLoad.swift in Sources */,
				FE4734E52627ABC200576217 /* NetworkConfig.swift in Sources */,
				FE4734F52627BB5300576217 /* MovieApi.swift in Sources */,
				FEA7F7502627C670008D8554 /* UIViewController_Extension.swift in Sources */,
				FE84EA8D262133F800D455DE /* AppDelegate.swift in Sources */,
				FE4734EC2627B1C400576217 /* MovieResponse.swift in Sources */,
				FE84EA8F262133F800D455DE /* SceneDelegate.swift in Sources */,
				FE61EB6A2623691C00B05135 /* MovieDetailTableViewCell.swift in Sources */,
				FE4734F82627BE5900576217 /* MovieDetailsViewModel.swift in Sources */,
			);
			runOnlyForDeploymentPostprocessing = 0;
		};
/* End PBXSourcesBuildPhase section */

/* Begin PBXVariantGroup section */
		FE84EA92262133F800D455DE /* Details.storyboard */ = {
			isa = PBXVariantGroup;
			children = (
				FE84EA93262133F800D455DE /* Base */,
			);
			name = Details.storyboard;
			sourceTree = "<group>";
		};
		FE84EA972621340400D455DE /* LaunchScreen.storyboard */ = {
			isa = PBXVariantGroup;
			children = (
				FE84EA982621340400D455DE /* Base */,
			);
			name = LaunchScreen.storyboard;
			sourceTree = "<group>";
		};
/* End PBXVariantGroup section */

/* Begin XCBuildConfiguration section */
		FE84EA9B2621340400D455DE /* Debug */ = {
			isa = XCBuildConfiguration;
			buildSettings = {
				ALWAYS_SEARCH_USER_PATHS = NO;
				CLANG_ANALYZER_NONNULL = YES;
				CLANG_ANALYZER_NUMBER_OBJECT_CONVERSION = YES_AGGRESSIVE;
				CLANG_CXX_LANGUAGE_STANDARD = "gnu++14";
				CLANG_CXX_LIBRARY = "libc++";
				CLANG_ENABLE_MODULES = YES;
				CLANG_ENABLE_OBJC_ARC = YES;
				CLANG_ENABLE_OBJC_WEAK = YES;
				CLANG_WARN_BLOCK_CAPTURE_AUTORELEASING = YES;
				CLANG_WARN_BOOL_CONVERSION = YES;
				CLANG_WARN_COMMA = YES;
				CLANG_WARN_CONSTANT_CONVERSION = YES;
				CLANG_WARN_DEPRECATED_OBJC_IMPLEMENTATIONS = YES;
				CLANG_WARN_DIRECT_OBJC_ISA_USAGE = YES_ERROR;
				CLANG_WARN_DOCUMENTATION_COMMENTS = YES;
				CLANG_WARN_EMPTY_BODY = YES;
				CLANG_WARN_ENUM_CONVERSION = YES;
				CLANG_WARN_INFINITE_RECURSION = YES;
				CLANG_WARN_INT_CONVERSION = YES;
				CLANG_WARN_NON_LITERAL_NULL_CONVERSION = YES;
				CLANG_WARN_OBJC_IMPLICIT_RETAIN_SELF = YES;
				CLANG_WARN_OBJC_LITERAL_CONVERSION = YES;
				CLANG_WARN_OBJC_ROOT_CLASS = YES_ERROR;
				CLANG_WARN_QUOTED_INCLUDE_IN_FRAMEWORK_HEADER = YES;
				CLANG_WARN_RANGE_LOOP_ANALYSIS = YES;
				CLANG_WARN_STRICT_PROTOTYPES = YES;
				CLANG_WARN_SUSPICIOUS_MOVE = YES;
				CLANG_WARN_UNGUARDED_AVAILABILITY = YES_AGGRESSIVE;
				CLANG_WARN_UNREACHABLE_CODE = YES;
				CLANG_WARN__DUPLICATE_METHOD_MATCH = YES;
				COPY_PHASE_STRIP = NO;
				DEBUG_INFORMATION_FORMAT = dwarf;
				ENABLE_STRICT_OBJC_MSGSEND = YES;
				ENABLE_TESTABILITY = YES;
				GCC_C_LANGUAGE_STANDARD = gnu11;
				GCC_DYNAMIC_NO_PIC = NO;
				GCC_NO_COMMON_BLOCKS = YES;
				GCC_OPTIMIZATION_LEVEL = 0;
				GCC_PREPROCESSOR_DEFINITIONS = (
					"DEBUG=1",
					"$(inherited)",
				);
				GCC_WARN_64_TO_32_BIT_CONVERSION = YES;
				GCC_WARN_ABOUT_RETURN_TYPE = YES_ERROR;
				GCC_WARN_UNDECLARED_SELECTOR = YES;
				GCC_WARN_UNINITIALIZED_AUTOS = YES_AGGRESSIVE;
				GCC_WARN_UNUSED_FUNCTION = YES;
				GCC_WARN_UNUSED_VARIABLE = YES;
				IPHONEOS_DEPLOYMENT_TARGET = 14.4;
				MTL_ENABLE_DEBUG_INFO = INCLUDE_SOURCE;
				MTL_FAST_MATH = YES;
				ONLY_ACTIVE_ARCH = YES;
				SDKROOT = iphoneos;
				SWIFT_ACTIVE_COMPILATION_CONDITIONS = DEBUG;
				SWIFT_OPTIMIZATION_LEVEL = "-Onone";
			};
			name = Debug;
		};
		FE84EA9C2621340400D455DE /* Release */ = {
			isa = XCBuildConfiguration;
			buildSettings = {
				ALWAYS_SEARCH_USER_PATHS = NO;
				CLANG_ANALYZER_NONNULL = YES;
				CLANG_ANALYZER_NUMBER_OBJECT_CONVERSION = YES_AGGRESSIVE;
				CLANG_CXX_LANGUAGE_STANDARD = "gnu++14";
				CLANG_CXX_LIBRARY = "libc++";
				CLANG_ENABLE_MODULES = YES;
				CLANG_ENABLE_OBJC_ARC = YES;
				CLANG_ENABLE_OBJC_WEAK = YES;
				CLANG_WARN_BLOCK_CAPTURE_AUTORELEASING = YES;
				CLANG_WARN_BOOL_CONVERSION = YES;
				CLANG_WARN_COMMA = YES;
				CLANG_WARN_CONSTANT_CONVERSION = YES;
				CLANG_WARN_DEPRECATED_OBJC_IMPLEMENTATIONS = YES;
				CLANG_WARN_DIRECT_OBJC_ISA_USAGE = YES_ERROR;
				CLANG_WARN_DOCUMENTATION_COMMENTS = YES;
				CLANG_WARN_EMPTY_BODY = YES;
				CLANG_WARN_ENUM_CONVERSION = YES;
				CLANG_WARN_INFINITE_RECURSION = YES;
				CLANG_WARN_INT_CONVERSION = YES;
				CLANG_WARN_NON_LITERAL_NULL_CONVERSION = YES;
				CLANG_WARN_OBJC_IMPLICIT_RETAIN_SELF = YES;
				CLANG_WARN_OBJC_LITERAL_CONVERSION = YES;
				CLANG_WARN_OBJC_ROOT_CLASS = YES_ERROR;
				CLANG_WARN_QUOTED_INCLUDE_IN_FRAMEWORK_HEADER = YES;
				CLANG_WARN_RANGE_LOOP_ANALYSIS = YES;
				CLANG_WARN_STRICT_PROTOTYPES = YES;
				CLANG_WARN_SUSPICIOUS_MOVE = YES;
				CLANG_WARN_UNGUARDED_AVAILABILITY = YES_AGGRESSIVE;
				CLANG_WARN_UNREACHABLE_CODE = YES;
				CLANG_WARN__DUPLICATE_METHOD_MATCH = YES;
				COPY_PHASE_STRIP = NO;
				DEBUG_INFORMATION_FORMAT = "dwarf-with-dsym";
				ENABLE_NS_ASSERTIONS = NO;
				ENABLE_STRICT_OBJC_MSGSEND = YES;
				GCC_C_LANGUAGE_STANDARD = gnu11;
				GCC_NO_COMMON_BLOCKS = YES;
				GCC_WARN_64_TO_32_BIT_CONVERSION = YES;
				GCC_WARN_ABOUT_RETURN_TYPE = YES_ERROR;
				GCC_WARN_UNDECLARED_SELECTOR = YES;
				GCC_WARN_UNINITIALIZED_AUTOS = YES_AGGRESSIVE;
				GCC_WARN_UNUSED_FUNCTION = YES;
				GCC_WARN_UNUSED_VARIABLE = YES;
				IPHONEOS_DEPLOYMENT_TARGET = 14.4;
				MTL_ENABLE_DEBUG_INFO = NO;
				MTL_FAST_MATH = YES;
				SDKROOT = iphoneos;
				SWIFT_COMPILATION_MODE = wholemodule;
				SWIFT_OPTIMIZATION_LEVEL = "-O";
				VALIDATE_PRODUCT = YES;
			};
			name = Release;
		};
		FE84EA9E2621340400D455DE /* Debug */ = {
			isa = XCBuildConfiguration;
			buildSettings = {
				ASSETCATALOG_COMPILER_APPICON_NAME = AppIcon;
				ASSETCATALOG_COMPILER_GLOBAL_ACCENT_COLOR_NAME = AccentColor;
				CODE_SIGN_STYLE = Automatic;
				DEVELOPMENT_TEAM = U8Z963AQ62;
				INFOPLIST_FILE = "todomovies-details/Info.plist";
				IPHONEOS_DEPLOYMENT_TARGET = 14.4;
				LD_RUNPATH_SEARCH_PATHS = (
					"$(inherited)",
					"@executable_path/Frameworks",
				);
				PRODUCT_BUNDLE_IDENTIFIER = "br.com.tdm.todomovies-details";
				PRODUCT_NAME = "$(TARGET_NAME)";
				SWIFT_VERSION = 5.0;
				TARGETED_DEVICE_FAMILY = 1;
			};
			name = Debug;
		};
		FE84EA9F2621340400D455DE /* Release */ = {
			isa = XCBuildConfiguration;
			buildSettings = {
				ASSETCATALOG_COMPILER_APPICON_NAME = AppIcon;
				ASSETCATALOG_COMPILER_GLOBAL_ACCENT_COLOR_NAME = AccentColor;
				CODE_SIGN_STYLE = Automatic;
				DEVELOPMENT_TEAM = U8Z963AQ62;
				INFOPLIST_FILE = "todomovies-details/Info.plist";
				IPHONEOS_DEPLOYMENT_TARGET = 14.4;
				LD_RUNPATH_SEARCH_PATHS = (
					"$(inherited)",
					"@executable_path/Frameworks",
				);
				PRODUCT_BUNDLE_IDENTIFIER = "br.com.tdm.todomovies-details";
				PRODUCT_NAME = "$(TARGET_NAME)";
				SWIFT_VERSION = 5.0;
				TARGETED_DEVICE_FAMILY = 1;
			};
			name = Release;
		};
/* End XCBuildConfiguration section */

/* Begin XCConfigurationList section */
		FE84EA84262133F600D455DE /* Build configuration list for PBXProject "todomovies-details" */ = {
			isa = XCConfigurationList;
			buildConfigurations = (
				FE84EA9B2621340400D455DE /* Debug */,
				FE84EA9C2621340400D455DE /* Release */,
			);
			defaultConfigurationIsVisible = 0;
			defaultConfigurationName = Release;
		};
		FE84EA9D2621340400D455DE /* Build configuration list for PBXNativeTarget "todomovies-details" */ = {
			isa = XCConfigurationList;
			buildConfigurations = (
				FE84EA9E2621340400D455DE /* Debug */,
				FE84EA9F2621340400D455DE /* Release */,
			);
			defaultConfigurationIsVisible = 0;
			defaultConfigurationName = Release;
		};
/* End XCConfigurationList section */

/* Begin XCRemoteSwiftPackageReference section */
		FE773F6F262664AB008B26B7 /* XCRemoteSwiftPackageReference "Nuke" */ = {
			isa = XCRemoteSwiftPackageReference;
			repositoryURL = "https://github.com/kean/Nuke.git";
			requirement = {
				kind = upToNextMajorVersion;
				minimumVersion = 9.5.0;
			};
		};
		FE900061262350EA00C4A1C9 /* XCRemoteSwiftPackageReference "Moya" */ = {
			isa = XCRemoteSwiftPackageReference;
			repositoryURL = "https://github.com/Moya/Moya.git";
			requirement = {
				kind = upToNextMajorVersion;
				minimumVersion = 14.0.1;
			};
		};
/* End XCRemoteSwiftPackageReference section */

/* Begin XCSwiftPackageProductDependency section */
		FE773F70262664AB008B26B7 /* Nuke */ = {
			isa = XCSwiftPackageProductDependency;
			package = FE773F6F262664AB008B26B7 /* XCRemoteSwiftPackageReference "Nuke" */;
			productName = Nuke;
		};
		FE900062262350EA00C4A1C9 /* Moya */ = {
			isa = XCSwiftPackageProductDependency;
			package = FE900061262350EA00C4A1C9 /* XCRemoteSwiftPackageReference "Moya" */;
			productName = Moya;
		};
/* End XCSwiftPackageProductDependency section */
	};
	rootObject = FE84EA81262133F600D455DE /* Project object */;
}
